
Microsoft Visual Studio Solution File, Format Version 12.00
# Visual Studio Version 17
VisualStudioVersion = 17.9.34607.119
MinimumVisualStudioVersion = 10.0.40219.1
Project("{FAE04EC0-301F-11D3-BF4B-00C04F79EFBC}") = "AdoNetDataSetApp", "AdoNetDataSetApp\AdoNetDataSetApp.csproj", "{948BB6E4-669F-49CC-B279-7108CB7FB300}"
EndProject
Global
	GlobalSection(SolutionConfigurationPlatforms) = preSolution
		Debug|Any CPU = Debug|Any CPU
		Release|Any CPU = Release|Any CPU
	EndGlobalSection
	GlobalSection(ProjectConfigurationPlatforms) = postSolution
		{948BB6E4-669F-49CC-B279-7108CB7FB300}.Debug|Any CPU.ActiveCfg = Debug|Any CPU
		{948BB6E4-669F-49CC-B279-7108CB7FB300}.Debug|Any CPU.Build.0 = Debug|Any CPU
		{948BB6E4-669F-49CC-B279-7108CB7FB300}.Release|Any CPU.ActiveCfg = Release|Any CPU
		{948BB6E4-669F-49CC-B279-7108CB7FB300}.Release|Any CPU.Build.0 = Release|Any CPU
	EndGlobalSection
	GlobalSection(SolutionProperties) = preSolution
		HideSolutionNode = FALSE
	EndGlobalSection
	GlobalSection(ExtensibilityGlobals) = postSolution
		SolutionGuid = {18818C37-D4AD-487E-B1D7-AD27A17D03F1}
	EndGlobalSection
EndGlobal
